# This file was autogenerated by Stack.
# You should not edit this file by hand.
# For more information, please see the documentation at:
#   https://docs.haskellstack.org/en/stable/lock_files

packages:
- completed:
    hackage: servant-multipart-client-0.12.1@sha256:fdaeea6a7e3b5459321520606a5dc0be55e16ebc3abe245fddb14df8a34a08cb,1976
    pantry-tree:
      size: 400
      sha256: bd67fb17f20e1f2195d77556a4d99db2edee81d20fabe02060ac45e8c2b7e970
  original:
    hackage: servant-multipart-client-0.12.1@sha256:fdaeea6a7e3b5459321520606a5dc0be55e16ebc3abe245fddb14df8a34a08cb,1976
- completed:
    hackage: persistent-migration-0.3.0@sha256:1b28e22c2eeff694eed6835299b3a80104772d5d2262e6dbfa5c47d9e7594f59,3433
    pantry-tree:
      size: 1619
      sha256: dca2b30b726ac3ee8e5a556fe78f50c1714d3d8bf9c02b66f645de60b221f3b9
  original:
    hackage: persistent-migration-0.3.0@sha256:1b28e22c2eeff694eed6835299b3a80104772d5d2262e6dbfa5c47d9e7594f59,3433
snapshots:
- completed:
    size: 587113
    url: https://raw.githubusercontent.com/commercialhaskell/stackage-snapshots/master/lts/18/7.yaml
    sha256: c8617e042150e4bf412d011c234aba6189f789d0cd2bd4f1a1a9ca9a0ef5d042
  original:
    url: https://raw.githubusercontent.com/commercialhaskell/stackage-snapshots/master/lts/18/7.yaml
